{
  "name": "@nondanee/unblockneteasemusic",
  "version": "0.25.3",
  "lockfileVersion": 2,
  "requires": true,
  "packages": {
    "": {
      "name": "@nondanee/unblockneteasemusic",
      "version": "0.25.3",
      "license": "MIT",
      "dependencies": {
        "supervisor": "^0.12.0"
      },
      "bin": {
        "unblockneteasemusic": "app.js"
      }
    },
    "node_modules/supervisor": {
      "version": "0.12.0",
      "resolved": "https://registry.npmjs.org/supervisor/-/supervisor-0.12.0.tgz",
      "integrity": "sha1-3n5jNwFbKRhRwQ81OMSn8EkX7ME=",
      "bin": {
        "node-supervisor": "lib/cli-wrapper.js",
        "supervisor": "lib/cli-wrapper.js"
      },
      "engines": {
        "node": ">=0.6.0"
      }
    }
  },
  "dependencies": {
    "supervisor": {
      "version": "0.12.0",
      "resolved": "https://registry.npmjs.org/supervisor/-/supervisor-0.12.0.tgz",
      "integrity": "sha1-3n5jNwFbKRhRwQ81OMSn8EkX7ME="
    }
  }
}
